<?xml version="1.0" encoding="utf-8"?>
<Project ToolsVersion="4.0" xmlns="http://schemas.microsoft.com/developer/msbuild/2003">
  <ItemGroup>
    <Filter Include="Fichiers de ressources">
      <UniqueIdentifier>{67DA6AB6-F800-4c08-8B7A-83BB121AAD01}</UniqueIdentifier>
      <Extensions>rc;ico;cur;bmp;dlg;rc2;rct;bin;rgs;gif;jpg;jpeg;jpe;resx;tiff;tif;png;wav;mfcribbon-ms</Extensions>
    </Filter>
    <Filter Include="MainFolder">
      <UniqueIdentifier>{f5362931-db55-4cfc-a898-e86437a0d17f}</UniqueIdentifier>
    </Filter>
    <Filter Include="ImmovableObject">
      <UniqueIdentifier>{c64aebdf-fe93-4d6f-a5f0-315eb9bd6cdd}</UniqueIdentifier>
    </Filter>
    <Filter Include="Items">
      <UniqueIdentifier>{26656613-1fb0-4cd2-a1e5-41c461f89f23}</UniqueIdentifier>
    </Filter>
    <Filter Include="MovableObject">
      <UniqueIdentifier>{716d7aa7-8df0-4892-90f5-8d72bd115456}</UniqueIdentifier>
    </Filter>
  </ItemGroup>
  <ItemGroup>
    <Image Include="..\Nouveau dossier\diagramUML_Final.png">
      <Filter>Fichiers de ressources</Filter>
    </Image>
  </ItemGroup>
  <ItemGroup>
    <ClInclude Include="GameWindow.hpp">
      <Filter>MainFolder</Filter>
    </ClInclude>
    <ClInclude Include="Game.hpp">
      <Filter>MainFolder</Filter>
    </ClInclude>
    <ClInclude Include="ColisionInterface.hpp">
      <Filter>MainFolder</Filter>
    </ClInclude>
    <ClInclude Include="ControlInterface.hpp">
      <Filter>MainFolder</Filter>
    </ClInclude>
    <ClInclude Include="DrawInterface.hpp">
      <Filter>MainFolder</Filter>
    </ClInclude>
    <ClInclude Include="MapGenerator.hpp">
      <Filter>MainFolder</Filter>
    </ClInclude>
    <ClInclude Include="TexturesLib.hpp">
      <Filter>MainFolder</Filter>
    </ClInclude>
    <ClInclude Include="Ground.hpp">
      <Filter>ImmovableObject</Filter>
    </ClInclude>
    <ClInclude Include="Sword.hpp">
      <Filter>Items</Filter>
    </ClInclude>
    <ClInclude Include="Character.hpp">
      <Filter>MovableObject</Filter>
    </ClInclude>
    <ClInclude Include="Monster.hpp">
      <Filter>MovableObject</Filter>
    </ClInclude>
    <ClInclude Include="Player.hpp">
      <Filter>MovableObject</Filter>
    </ClInclude>
  </ItemGroup>
  <ItemGroup>
    <ClCompile Include="GameWindow.cpp">
      <Filter>MainFolder</Filter>
    </ClCompile>
    <ClCompile Include="Game.cpp">
      <Filter>MainFolder</Filter>
    </ClCompile>
    <ClCompile Include="TexturesLib.cpp">
      <Filter>MainFolder</Filter>
    </ClCompile>
    <ClCompile Include="Player.cpp">
      <Filter>MovableObject</Filter>
    </ClCompile>
    <ClCompile Include="main.cpp">
      <Filter>MainFolder</Filter>
    </ClCompile>
  </ItemGroup>
</Project>